
Microsoft Visual Studio Solution File, Format Version 12.00
# Visual Studio Version 17
VisualStudioVersion = 17.6.33723.286
MinimumVisualStudioVersion = 10.0.40219.1
Project("{2150E333-8FDC-42A3-9474-1A3956D46DE8}") = "Binance", "Binance", "{2253D52B-C404-470B-AC29-F4792B5C9DB5}"
EndProject
Project("{9A19103F-16F7-4668-BE54-9A1E7A4F7556}") = "Binance.Domain", "Services\Binance\Binance.Domain\Binance.Domain.csproj", "{B35EDF27-6226-43D3-960E-3CAEEC3B12C2}"
EndProject
Project("{9A19103F-16F7-4668-BE54-9A1E7A4F7556}") = "Binance.Infrastructure", "Services\Binance\Binance.Infrastructure\Binance.Infrastructure.csproj", "{EDFC8247-2956-4C51-AED4-686B0FB781B0}"
EndProject
Project("{2150E333-8FDC-42A3-9474-1A3956D46DE8}") = "src", "src", "{B9CC6EF8-613B-416B-8036-27FCC1DD927A}"
EndProject
Project("{2150E333-8FDC-42A3-9474-1A3956D46DE8}") = "tests", "tests", "{9514776C-6D91-4AEF-AD81-B1151EA05CC5}"
EndProject
Project("{9A19103F-16F7-4668-BE54-9A1E7A4F7556}") = "Binance.BackgroundTasks", "Services\Binance\Binance.BackgroundTasks\Binance.BackgroundTasks.csproj", "{D523473C-71C1-45BF-93B7-43F373BB84CD}"
EndProject
Project("{2150E333-8FDC-42A3-9474-1A3956D46DE8}") = "External", "External", "{B122CA19-FF3D-4E8A-B74B-7776073DD5F8}"
EndProject
Project("{9A19103F-16F7-4668-BE54-9A1E7A4F7556}") = "Common", "Services\Binance\External\Common\Common.csproj", "{60A9912D-E0C3-45F5-8B4C-9CA6A6ADBA16}"
EndProject
Project("{9A19103F-16F7-4668-BE54-9A1E7A4F7556}") = "Spot", "Services\Binance\External\Spot\Spot.csproj", "{FD3E2DB0-2FA6-4662-8E99-AC9CBE252F2E}"
EndProject
Project("{2150E333-8FDC-42A3-9474-1A3956D46DE8}") = "BuildingBlocks", "BuildingBlocks", "{105B4C06-CA91-411E-B1B8-C4A4D2644971}"
EndProject
Project("{E53339B2-1760-4266-BCC7-CA923CBCF16C}") = "docker-compose", "docker-compose.dcproj", "{61092E0D-C1FE-4530-90B2-2DC2E701AC25}"
EndProject
Project("{2150E333-8FDC-42A3-9474-1A3956D46DE8}") = "EventBus", "EventBus", "{CAE9B8C9-88A6-46E6-B7B7-5C6AA64DABC6}"
EndProject
Project("{9A19103F-16F7-4668-BE54-9A1E7A4F7556}") = "EventBus", "BuildingBlocks\EventBus\EventBus\EventBus.csproj", "{AFBDDD86-1CD6-4932-88CF-4C6A8841133B}"
EndProject
Project("{9A19103F-16F7-4668-BE54-9A1E7A4F7556}") = "EventBusRabbitMQ", "BuildingBlocks\EventBus\EventBusRabbitMQ\EventBusRabbitMQ.csproj", "{F076CDAF-23DE-4F99-A96C-D01EF6BA6897}"
EndProject
Project("{2150E333-8FDC-42A3-9474-1A3956D46DE8}") = "Services", "Services", "{8E0ABF95-8EE2-4EE8-BBB5-A1BFE3467820}"
EndProject
Project("{2150E333-8FDC-42A3-9474-1A3956D46DE8}") = "Common", "Common", "{B40E99F0-F234-455B-ACE2-0FE8A9098F00}"
EndProject
Project("{9A19103F-16F7-4668-BE54-9A1E7A4F7556}") = "Services.Common", "Services\Common\Services.Common\Services.Common.csproj", "{ECA3EECC-7C86-4D2A-8DB0-5767CEAD7010}"
EndProject
Project("{2150E333-8FDC-42A3-9474-1A3956D46DE8}") = "WebApps", "WebApps", "{2EEC7659-95A1-48D1-9CF4-694B8BFDB657}"
EndProject
Project("{9A19103F-16F7-4668-BE54-9A1E7A4F7556}") = "BlazorApp.Server", "WebApps\BlazorApp\Server\BlazorApp.Server.csproj", "{0FB41978-706A-40E8-AD5A-4972FFC7AC71}"
EndProject
Project("{9A19103F-16F7-4668-BE54-9A1E7A4F7556}") = "BlazorApp.Client", "WebApps\BlazorApp\Client\BlazorApp.Client.csproj", "{A431FA7D-974E-40AA-8B5F-20B75AC05E3A}"
EndProject
Project("{2150E333-8FDC-42A3-9474-1A3956D46DE8}") = "Trading", "Trading", "{B305F4C4-111B-464E-8BFD-53398DDB5276}"
EndProject
Project("{9A19103F-16F7-4668-BE54-9A1E7A4F7556}") = "Utilities", "BuildingBlocks\Utilities\Utilities.csproj", "{FA99A00F-BEDB-4EB8-B8A5-4F013916CF1A}"
EndProject
Project("{2150E333-8FDC-42A3-9474-1A3956D46DE8}") = "Ticker", "Ticker", "{FCF7E84E-CFC7-4369-8D7D-F9413B441918}"
EndProject
Project("{9A19103F-16F7-4668-BE54-9A1E7A4F7556}") = "Ticker.SignalrHub", "Services\Ticker\Ticker.SignalrHub\Ticker.SignalrHub.csproj", "{3CE2D05E-48AC-46AE-A7BC-E36BC80B2233}"
EndProject
Project("{2150E333-8FDC-42A3-9474-1A3956D46DE8}") = "TaApi", "TaApi", "{DC2E67AF-8BD6-4DA9-88FF-1F13961EE16F}"
EndProject
Project("{9A19103F-16F7-4668-BE54-9A1E7A4F7556}") = "TaApi.BackgroundTasks", "Services\TaApi\TaApi.BackgroundTasks\TaApi.BackgroundTasks.csproj", "{14A2D992-4505-4A5C-806F-D4318F233D51}"
EndProject
Global
	GlobalSection(SolutionConfigurationPlatforms) = preSolution
		Debug|Any CPU = Debug|Any CPU
		Release|Any CPU = Release|Any CPU
	EndGlobalSection
	GlobalSection(ProjectConfigurationPlatforms) = postSolution
		{B35EDF27-6226-43D3-960E-3CAEEC3B12C2}.Debug|Any CPU.ActiveCfg = Debug|Any CPU
		{B35EDF27-6226-43D3-960E-3CAEEC3B12C2}.Debug|Any CPU.Build.0 = Debug|Any CPU
		{B35EDF27-6226-43D3-960E-3CAEEC3B12C2}.Release|Any CPU.ActiveCfg = Release|Any CPU
		{B35EDF27-6226-43D3-960E-3CAEEC3B12C2}.Release|Any CPU.Build.0 = Release|Any CPU
		{EDFC8247-2956-4C51-AED4-686B0FB781B0}.Debug|Any CPU.ActiveCfg = Debug|Any CPU
		{EDFC8247-2956-4C51-AED4-686B0FB781B0}.Debug|Any CPU.Build.0 = Debug|Any CPU
		{EDFC8247-2956-4C51-AED4-686B0FB781B0}.Release|Any CPU.ActiveCfg = Release|Any CPU
		{EDFC8247-2956-4C51-AED4-686B0FB781B0}.Release|Any CPU.Build.0 = Release|Any CPU
		{D523473C-71C1-45BF-93B7-43F373BB84CD}.Debug|Any CPU.ActiveCfg = Debug|Any CPU
		{D523473C-71C1-45BF-93B7-43F373BB84CD}.Debug|Any CPU.Build.0 = Debug|Any CPU
		{D523473C-71C1-45BF-93B7-43F373BB84CD}.Release|Any CPU.ActiveCfg = Release|Any CPU
		{D523473C-71C1-45BF-93B7-43F373BB84CD}.Release|Any CPU.Build.0 = Release|Any CPU
		{60A9912D-E0C3-45F5-8B4C-9CA6A6ADBA16}.Debug|Any CPU.ActiveCfg = Debug|Any CPU
		{60A9912D-E0C3-45F5-8B4C-9CA6A6ADBA16}.Debug|Any CPU.Build.0 = Debug|Any CPU
		{60A9912D-E0C3-45F5-8B4C-9CA6A6ADBA16}.Release|Any CPU.ActiveCfg = Release|Any CPU
		{60A9912D-E0C3-45F5-8B4C-9CA6A6ADBA16}.Release|Any CPU.Build.0 = Release|Any CPU
		{FD3E2DB0-2FA6-4662-8E99-AC9CBE252F2E}.Debug|Any CPU.ActiveCfg = Debug|Any CPU
		{FD3E2DB0-2FA6-4662-8E99-AC9CBE252F2E}.Debug|Any CPU.Build.0 = Debug|Any CPU
		{FD3E2DB0-2FA6-4662-8E99-AC9CBE252F2E}.Release|Any CPU.ActiveCfg = Release|Any CPU
		{FD3E2DB0-2FA6-4662-8E99-AC9CBE252F2E}.Release|Any CPU.Build.0 = Release|Any CPU
		{61092E0D-C1FE-4530-90B2-2DC2E701AC25}.Debug|Any CPU.ActiveCfg = Debug|Any CPU
		{61092E0D-C1FE-4530-90B2-2DC2E701AC25}.Debug|Any CPU.Build.0 = Debug|Any CPU
		{61092E0D-C1FE-4530-90B2-2DC2E701AC25}.Release|Any CPU.ActiveCfg = Release|Any CPU
		{61092E0D-C1FE-4530-90B2-2DC2E701AC25}.Release|Any CPU.Build.0 = Release|Any CPU
		{AFBDDD86-1CD6-4932-88CF-4C6A8841133B}.Debug|Any CPU.ActiveCfg = Debug|Any CPU
		{AFBDDD86-1CD6-4932-88CF-4C6A8841133B}.Debug|Any CPU.Build.0 = Debug|Any CPU
		{AFBDDD86-1CD6-4932-88CF-4C6A8841133B}.Release|Any CPU.ActiveCfg = Release|Any CPU
		{AFBDDD86-1CD6-4932-88CF-4C6A8841133B}.Release|Any CPU.Build.0 = Release|Any CPU
		{F076CDAF-23DE-4F99-A96C-D01EF6BA6897}.Debug|Any CPU.ActiveCfg = Debug|Any CPU
		{F076CDAF-23DE-4F99-A96C-D01EF6BA6897}.Debug|Any CPU.Build.0 = Debug|Any CPU
		{F076CDAF-23DE-4F99-A96C-D01EF6BA6897}.Release|Any CPU.ActiveCfg = Release|Any CPU
		{F076CDAF-23DE-4F99-A96C-D01EF6BA6897}.Release|Any CPU.Build.0 = Release|Any CPU
		{ECA3EECC-7C86-4D2A-8DB0-5767CEAD7010}.Debug|Any CPU.ActiveCfg = Debug|Any CPU
		{ECA3EECC-7C86-4D2A-8DB0-5767CEAD7010}.Debug|Any CPU.Build.0 = Debug|Any CPU
		{ECA3EECC-7C86-4D2A-8DB0-5767CEAD7010}.Release|Any CPU.ActiveCfg = Release|Any CPU
		{ECA3EECC-7C86-4D2A-8DB0-5767CEAD7010}.Release|Any CPU.Build.0 = Release|Any CPU
		{0FB41978-706A-40E8-AD5A-4972FFC7AC71}.Debug|Any CPU.ActiveCfg = Debug|Any CPU
		{0FB41978-706A-40E8-AD5A-4972FFC7AC71}.Debug|Any CPU.Build.0 = Debug|Any CPU
		{0FB41978-706A-40E8-AD5A-4972FFC7AC71}.Release|Any CPU.ActiveCfg = Release|Any CPU
		{0FB41978-706A-40E8-AD5A-4972FFC7AC71}.Release|Any CPU.Build.0 = Release|Any CPU
		{A431FA7D-974E-40AA-8B5F-20B75AC05E3A}.Debug|Any CPU.ActiveCfg = Debug|Any CPU
		{A431FA7D-974E-40AA-8B5F-20B75AC05E3A}.Debug|Any CPU.Build.0 = Debug|Any CPU
		{A431FA7D-974E-40AA-8B5F-20B75AC05E3A}.Release|Any CPU.ActiveCfg = Release|Any CPU
		{A431FA7D-974E-40AA-8B5F-20B75AC05E3A}.Release|Any CPU.Build.0 = Release|Any CPU
		{FA99A00F-BEDB-4EB8-B8A5-4F013916CF1A}.Debug|Any CPU.ActiveCfg = Debug|Any CPU
		{FA99A00F-BEDB-4EB8-B8A5-4F013916CF1A}.Debug|Any CPU.Build.0 = Debug|Any CPU
		{FA99A00F-BEDB-4EB8-B8A5-4F013916CF1A}.Release|Any CPU.ActiveCfg = Release|Any CPU
		{FA99A00F-BEDB-4EB8-B8A5-4F013916CF1A}.Release|Any CPU.Build.0 = Release|Any CPU
		{3CE2D05E-48AC-46AE-A7BC-E36BC80B2233}.Debug|Any CPU.ActiveCfg = Debug|Any CPU
		{3CE2D05E-48AC-46AE-A7BC-E36BC80B2233}.Debug|Any CPU.Build.0 = Debug|Any CPU
		{3CE2D05E-48AC-46AE-A7BC-E36BC80B2233}.Release|Any CPU.ActiveCfg = Release|Any CPU
		{3CE2D05E-48AC-46AE-A7BC-E36BC80B2233}.Release|Any CPU.Build.0 = Release|Any CPU
		{14A2D992-4505-4A5C-806F-D4318F233D51}.Debug|Any CPU.ActiveCfg = Debug|Any CPU
		{14A2D992-4505-4A5C-806F-D4318F233D51}.Debug|Any CPU.Build.0 = Debug|Any CPU
		{14A2D992-4505-4A5C-806F-D4318F233D51}.Release|Any CPU.ActiveCfg = Release|Any CPU
		{14A2D992-4505-4A5C-806F-D4318F233D51}.Release|Any CPU.Build.0 = Release|Any CPU
	EndGlobalSection
	GlobalSection(SolutionProperties) = preSolution
		HideSolutionNode = FALSE
	EndGlobalSection
	GlobalSection(NestedProjects) = preSolution
		{2253D52B-C404-470B-AC29-F4792B5C9DB5} = {8E0ABF95-8EE2-4EE8-BBB5-A1BFE3467820}
		{B35EDF27-6226-43D3-960E-3CAEEC3B12C2} = {2253D52B-C404-470B-AC29-F4792B5C9DB5}
		{EDFC8247-2956-4C51-AED4-686B0FB781B0} = {2253D52B-C404-470B-AC29-F4792B5C9DB5}
		{D523473C-71C1-45BF-93B7-43F373BB84CD} = {2253D52B-C404-470B-AC29-F4792B5C9DB5}
		{B122CA19-FF3D-4E8A-B74B-7776073DD5F8} = {2253D52B-C404-470B-AC29-F4792B5C9DB5}
		{60A9912D-E0C3-45F5-8B4C-9CA6A6ADBA16} = {B122CA19-FF3D-4E8A-B74B-7776073DD5F8}
		{FD3E2DB0-2FA6-4662-8E99-AC9CBE252F2E} = {B122CA19-FF3D-4E8A-B74B-7776073DD5F8}
		{105B4C06-CA91-411E-B1B8-C4A4D2644971} = {B9CC6EF8-613B-416B-8036-27FCC1DD927A}
		{CAE9B8C9-88A6-46E6-B7B7-5C6AA64DABC6} = {105B4C06-CA91-411E-B1B8-C4A4D2644971}
		{AFBDDD86-1CD6-4932-88CF-4C6A8841133B} = {CAE9B8C9-88A6-46E6-B7B7-5C6AA64DABC6}
		{F076CDAF-23DE-4F99-A96C-D01EF6BA6897} = {CAE9B8C9-88A6-46E6-B7B7-5C6AA64DABC6}
		{8E0ABF95-8EE2-4EE8-BBB5-A1BFE3467820} = {B9CC6EF8-613B-416B-8036-27FCC1DD927A}
		{B40E99F0-F234-455B-ACE2-0FE8A9098F00} = {8E0ABF95-8EE2-4EE8-BBB5-A1BFE3467820}
		{ECA3EECC-7C86-4D2A-8DB0-5767CEAD7010} = {B40E99F0-F234-455B-ACE2-0FE8A9098F00}
		{2EEC7659-95A1-48D1-9CF4-694B8BFDB657} = {B9CC6EF8-613B-416B-8036-27FCC1DD927A}
		{0FB41978-706A-40E8-AD5A-4972FFC7AC71} = {2EEC7659-95A1-48D1-9CF4-694B8BFDB657}
		{A431FA7D-974E-40AA-8B5F-20B75AC05E3A} = {2EEC7659-95A1-48D1-9CF4-694B8BFDB657}
		{B305F4C4-111B-464E-8BFD-53398DDB5276} = {8E0ABF95-8EE2-4EE8-BBB5-A1BFE3467820}
		{FA99A00F-BEDB-4EB8-B8A5-4F013916CF1A} = {105B4C06-CA91-411E-B1B8-C4A4D2644971}
		{FCF7E84E-CFC7-4369-8D7D-F9413B441918} = {8E0ABF95-8EE2-4EE8-BBB5-A1BFE3467820}
		{3CE2D05E-48AC-46AE-A7BC-E36BC80B2233} = {FCF7E84E-CFC7-4369-8D7D-F9413B441918}
		{DC2E67AF-8BD6-4DA9-88FF-1F13961EE16F} = {8E0ABF95-8EE2-4EE8-BBB5-A1BFE3467820}
		{14A2D992-4505-4A5C-806F-D4318F233D51} = {DC2E67AF-8BD6-4DA9-88FF-1F13961EE16F}
	EndGlobalSection
	GlobalSection(ExtensibilityGlobals) = postSolution
		SolutionGuid = {0BE9B065-E7C9-43FC-939A-9A002CF77690}
	EndGlobalSection
EndGlobal
